// !$*UTF8*$!
{
	archiveVersion = 1;
	classes = {
	};
	objectVersion = 55;
	objects = {

/* Begin PBXBuildFile section */
		CB039CEB27055CBB004781F8 /* ColorDiffableDataSource.swift in Sources */ = {isa = PBXBuildFile; fileRef = CB039CEA27055CBB004781F8 /* ColorDiffableDataSource.swift */; };
		CB039CEE270566A6004781F8 /* Color.swift in Sources */ = {isa = PBXBuildFile; fileRef = CB039CED270566A6004781F8 /* Color.swift */; };
		CB039CF027056FB6004781F8 /* StickyHeaderViewController.swift in Sources */ = {isa = PBXBuildFile; fileRef = CB039CEF27056FB6004781F8 /* StickyHeaderViewController.swift */; };
		CB039CF22705835C004781F8 /* ResponsiveLayoutViewController.swift in Sources */ = {isa = PBXBuildFile; fileRef = CB039CF12705835C004781F8 /* ResponsiveLayoutViewController.swift */; };
		CB039CF42705C489004781F8 /* LazyGridViewController.swift in Sources */ = {isa = PBXBuildFile; fileRef = CB039CF32705C489004781F8 /* LazyGridViewController.swift */; };
		CB4800EE27032B5E0002D3F1 /* Compositional_Layout_ExamplesApp.swift in Sources */ = {isa = PBXBuildFile; fileRef = CB4800ED27032B5E0002D3F1 /* Compositional_Layout_ExamplesApp.swift */; };
		CB4800F027032B5E0002D3F1 /* ContentView.swift in Sources */ = {isa = PBXBuildFile; fileRef = CB4800EF27032B5E0002D3F1 /* ContentView.swift */; };
		CB4800F227032B5F0002D3F1 /* Assets.xcassets in Resources */ = {isa = PBXBuildFile; fileRef = CB4800F127032B5F0002D3F1 /* Assets.xcassets */; };
		CB4800F527032B5F0002D3F1 /* Preview Assets.xcassets in Resources */ = {isa = PBXBuildFile; fileRef = CB4800F427032B5F0002D3F1 /* Preview Assets.xcassets */; };
		CB4800FD27032C330002D3F1 /* ListViewController.swift in Sources */ = {isa = PBXBuildFile; fileRef = CB4800FC27032C330002D3F1 /* ListViewController.swift */; };
		CB48010127032D440002D3F1 /* RoundedCornerColorCell.swift in Sources */ = {isa = PBXBuildFile; fileRef = CB48010027032D440002D3F1 /* RoundedCornerColorCell.swift */; };
		CB48010527034AC40002D3F1 /* UIColor+Extension.swift in Sources */ = {isa = PBXBuildFile; fileRef = CB48010427034AC40002D3F1 /* UIColor+Extension.swift */; };
		CB48010727034B230002D3F1 /* ColorSnapshot+Extension.swift in Sources */ = {isa = PBXBuildFile; fileRef = CB48010627034B230002D3F1 /* ColorSnapshot+Extension.swift */; };
/* End PBXBuildFile section */

/* Begin PBXFileReference section */
		CB039CEA27055CBB004781F8 /* ColorDiffableDataSource.swift */ = {isa = PBXFileReference; lastKnownFileType = sourcecode.swift; path = ColorDiffableDataSource.swift; sourceTree = "<group>"; };
		CB039CED270566A6004781F8 /* Color.swift */ = {isa = PBXFileReference; lastKnownFileType = sourcecode.swift; path = Color.swift; sourceTree = "<group>"; };
		CB039CEF27056FB6004781F8 /* StickyHeaderViewController.swift */ = {isa = PBXFileReference; lastKnownFileType = sourcecode.swift; path = StickyHeaderViewController.swift; sourceTree = "<group>"; };
		CB039CF12705835C004781F8 /* ResponsiveLayoutViewController.swift */ = {isa = PBXFileReference; lastKnownFileType = sourcecode.swift; path = ResponsiveLayoutViewController.swift; sourceTree = "<group>"; };
		CB039CF32705C489004781F8 /* LazyGridViewController.swift */ = {isa = PBXFileReference; lastKnownFileType = sourcecode.swift; path = LazyGridViewController.swift; sourceTree = "<group>"; };
		CB4800EA27032B5E0002D3F1 /* Compositional-Layout-Examples.app */ = {isa = PBXFileReference; explicitFileType = wrapper.application; includeInIndex = 0; path = "Compositional-Layout-Examples.app"; sourceTree = BUILT_PRODUCTS_DIR; };
		CB4800ED27032B5E0002D3F1 /* Compositional_Layout_ExamplesApp.swift */ = {isa = PBXFileReference; lastKnownFileType = sourcecode.swift; path = Compositional_Layout_ExamplesApp.swift; sourceTree = "<group>"; };
		CB4800EF27032B5E0002D3F1 /* ContentView.swift */ = {isa = PBXFileReference; lastKnownFileType = sourcecode.swift; path = ContentView.swift; sourceTree = "<group>"; };
		CB4800F127032B5F0002D3F1 /* Assets.xcassets */ = {isa = PBXFileReference; lastKnownFileType = folder.assetcatalog; path = Assets.xcassets; sourceTree = "<group>"; };
		CB4800F427032B5F0002D3F1 /* Preview Assets.xcassets */ = {isa = PBXFileReference; lastKnownFileType = folder.assetcatalog; path = "Preview Assets.xcassets"; sourceTree = "<group>"; };
		CB4800FC27032C330002D3F1 /* ListViewController.swift */ = {isa = PBXFileReference; lastKnownFileType = sourcecode.swift; path = ListViewController.swift; sourceTree = "<group>"; };
		CB48010027032D440002D3F1 /* RoundedCornerColorCell.swift */ = {isa = PBXFileReference; lastKnownFileType = sourcecode.swift; path = RoundedCornerColorCell.swift; sourceTree = "<group>"; };
		CB48010427034AC40002D3F1 /* UIColor+Extension.swift */ = {isa = PBXFileReference; lastKnownFileType = sourcecode.swift; path = "UIColor+Extension.swift"; sourceTree = "<group>"; };
		CB48010627034B230002D3F1 /* ColorSnapshot+Extension.swift */ = {isa = PBXFileReference; lastKnownFileType = sourcecode.swift; path = "ColorSnapshot+Extension.swift"; sourceTree = "<group>"; };
/* End PBXFileReference section */

/* Begin PBXFrameworksBuildPhase section */
		CB4800E727032B5E0002D3F1 /* Frameworks */ = {
			isa = PBXFrameworksBuildPhase;
			buildActionMask = 2147483647;
			files = (
			);
			runOnlyForDeploymentPostprocessing = 0;
		};
/* End PBXFrameworksBuildPhase section */

/* Begin PBXGroup section */
		CB039CEC2705668A004781F8 /* Models */ = {
			isa = PBXGroup;
			children = (
				CB039CED270566A6004781F8 /* Color.swift */,
			);
			path = Models;
			sourceTree = "<group>";
		};
		CB4800E127032B5E0002D3F1 = {
			isa = PBXGroup;
			children = (
				CB4800EC27032B5E0002D3F1 /* Compositional-Layout-Examples */,
				CB4800EB27032B5E0002D3F1 /* Products */,
			);
			sourceTree = "<group>";
		};
		CB4800EB27032B5E0002D3F1 /* Products */ = {
			isa = PBXGroup;
			children = (
				CB4800EA27032B5E0002D3F1 /* Compositional-Layout-Examples.app */,
			);
			name = Products;
			sourceTree = "<group>";
		};
		CB4800EC27032B5E0002D3F1 /* Compositional-Layout-Examples */ = {
			isa = PBXGroup;
			children = (
				CB4801022703348E0002D3F1 /* DataSources */,
				CB48010327034A940002D3F1 /* Extensions */,
				CB039CEC2705668A004781F8 /* Models */,
				CB4800FF27032D190002D3F1 /* Views */,
				CB4800FB27032B700002D3F1 /* ViewControllers */,
				CB4800ED27032B5E0002D3F1 /* Compositional_Layout_ExamplesApp.swift */,
				CB4800EF27032B5E0002D3F1 /* ContentView.swift */,
				CB4800F127032B5F0002D3F1 /* Assets.xcassets */,
				CB4800F327032B5F0002D3F1 /* Preview Content */,
			);
			path = "Compositional-Layout-Examples";
			sourceTree = "<group>";
		};
		CB4800F327032B5F0002D3F1 /* Preview Content */ = {
			isa = PBXGroup;
			children = (
				CB4800F427032B5F0002D3F1 /* Preview Assets.xcassets */,
			);
			path = "Preview Content";
			sourceTree = "<group>";
		};
		CB4800FB27032B700002D3F1 /* ViewControllers */ = {
			isa = PBXGroup;
			children = (
				CB4800FC27032C330002D3F1 /* ListViewController.swift */,
				CB039CEF27056FB6004781F8 /* StickyHeaderViewController.swift */,
				CB039CF12705835C004781F8 /* ResponsiveLayoutViewController.swift */,
				CB039CF32705C489004781F8 /* LazyGridViewController.swift */,
			);
			path = ViewControllers;
			sourceTree = "<group>";
		};
		CB4800FF27032D190002D3F1 /* Views */ = {
			isa = PBXGroup;
			children = (
				CB48010027032D440002D3F1 /* RoundedCornerColorCell.swift */,
			);
			path = Views;
			sourceTree = "<group>";
		};
		CB4801022703348E0002D3F1 /* DataSources */ = {
			isa = PBXGroup;
			children = (
				CB039CEA27055CBB004781F8 /* ColorDiffableDataSource.swift */,
			);
			path = DataSources;
			sourceTree = "<group>";
		};
		CB48010327034A940002D3F1 /* Extensions */ = {
			isa = PBXGroup;
			children = (
				CB48010627034B230002D3F1 /* ColorSnapshot+Extension.swift */,
				CB48010427034AC40002D3F1 /* UIColor+Extension.swift */,
			);
			path = Extensions;
			sourceTree = "<group>";
		};
/* End PBXGroup section */

/* Begin PBXNativeTarget section */
		CB4800E927032B5E0002D3F1 /* Compositional-Layout-Examples */ = {
			isa = PBXNativeTarget;
			buildConfigurationList = CB4800F827032B5F0002D3F1 /* Build configuration list for PBXNativeTarget "Compositional-Layout-Examples" */;
			buildPhases = (
				CB4800E627032B5E0002D3F1 /* Sources */,
				CB4800E727032B5E0002D3F1 /* Frameworks */,
				CB4800E827032B5E0002D3F1 /* Resources */,
			);
			buildRules = (
			);
			dependencies = (
			);
			name = "Compositional-Layout-Examples";
			productName = "Compositional-Layout-Examples";
			productReference = CB4800EA27032B5E0002D3F1 /* Compositional-Layout-Examples.app */;
			productType = "com.apple.product-type.application";
		};
/* End PBXNativeTarget section */

/* Begin PBXProject section */
		CB4800E227032B5E0002D3F1 /* Project object */ = {
			isa = PBXProject;
			attributes = {
				BuildIndependentTargetsInParallel = 1;
				LastSwiftUpdateCheck = 1300;
				LastUpgradeCheck = 1300;
				TargetAttributes = {
					CB4800E927032B5E0002D3F1 = {
						CreatedOnToolsVersion = 13.0;
					};
				};
			};
			buildConfigurationList = CB4800E527032B5E0002D3F1 /* Build configuration list for PBXProject "Compositional-Layout-Examples" */;
			compatibilityVersion = "Xcode 13.0";
			developmentRegion = en;
			hasScannedForEncodings = 0;
			knownRegions = (
				en,
				Base,
			);
			mainGroup = CB4800E127032B5E0002D3F1;
			productRefGroup = CB4800EB27032B5E0002D3F1 /* Products */;
			projectDirPath = "";
			projectRoot = "";
			targets = (
				CB4800E927032B5E0002D3F1 /* Compositional-Layout-Examples */,
			);
		};
/* End PBXProject section */

/* Begin PBXResourcesBuildPhase section */
		CB4800E827032B5E0002D3F1 /* Resources */ = {
			isa = PBXResourcesBuildPhase;
			buildActionMask = 2147483647;
			files = (
				CB4800F527032B5F0002D3F1 /* Preview Assets.xcassets in Resources */,
				CB4800F227032B5F0002D3F1 /* Assets.xcassets in Resources */,
			);
			runOnlyForDeploymentPostprocessing = 0;
		};
/* End PBXResourcesBuildPhase section */

/* Begin PBXSourcesBuildPhase section */
		CB4800E627032B5E0002D3F1 /* Sources */ = {
			isa = PBXSourcesBuildPhase;
			buildActionMask = 2147483647;
			files = (
				CB039CF22705835C004781F8 /* ResponsiveLayoutViewController.swift in Sources */,
				CB4800F027032B5E0002D3F1 /* ContentView.swift in Sources */,
				CB48010127032D440002D3F1 /* RoundedCornerColorCell.swift in Sources */,
				CB4800EE27032B5E0002D3F1 /* Compositional_Layout_ExamplesApp.swift in Sources */,
				CB48010727034B230002D3F1 /* ColorSnapshot+Extension.swift in Sources */,
				CB4800FD27032C330002D3F1 /* ListViewController.swift in Sources */,
				CB039CEE270566A6004781F8 /* Color.swift in Sources */,
				CB039CF42705C489004781F8 /* LazyGridViewController.swift in Sources */,
				CB039CF027056FB6004781F8 /* StickyHeaderViewController.swift in Sources */,
				CB48010527034AC40002D3F1 /* UIColor+Extension.swift in Sources */,
				CB039CEB27055CBB004781F8 /* ColorDiffableDataSource.swift in Sources */,
			);
			runOnlyForDeploymentPostprocessing = 0;
		};
/* End PBXSourcesBuildPhase section */

/* Begin XCBuildConfiguration section */
		CB4800F627032B5F0002D3F1 /* Debug */ = {
			isa = XCBuildConfiguration;
			buildSettings = {
				ALWAYS_SEARCH_USER_PATHS = NO;
				CLANG_ANALYZER_NONNULL = YES;
				CLANG_ANALYZER_NUMBER_OBJECT_CONVERSION = YES_AGGRESSIVE;
				CLANG_CXX_LANGUAGE_STANDARD = "gnu++17";
				CLANG_CXX_LIBRARY = "libc++";
				CLANG_ENABLE_MODULES = YES;
				CLANG_ENABLE_OBJC_ARC = YES;
				CLANG_ENABLE_OBJC_WEAK = YES;
				CLANG_WARN_BLOCK_CAPTURE_AUTORELEASING = YES;
				CLANG_WARN_BOOL_CONVERSION = YES;
				CLANG_WARN_COMMA = YES;
				CLANG_WARN_CONSTANT_CONVERSION = YES;
				CLANG_WARN_DEPRECATED_OBJC_IMPLEMENTATIONS = YES;
				CLANG_WARN_DIRECT_OBJC_ISA_USAGE = YES_ERROR;
				CLANG_WARN_DOCUMENTATION_COMMENTS = YES;
				CLANG_WARN_EMPTY_BODY = YES;
				CLANG_WARN_ENUM_CONVERSION = YES;
				CLANG_WARN_INFINITE_RECURSION = YES;
				CLANG_WARN_INT_CONVERSION = YES;
				CLANG_WARN_NON_LITERAL_NULL_CONVERSION = YES;
				CLANG_WARN_OBJC_IMPLICIT_RETAIN_SELF = YES;
				CLANG_WARN_OBJC_LITERAL_CONVERSION = YES;
				CLANG_WARN_OBJC_ROOT_CLASS = YES_ERROR;
				CLANG_WARN_QUOTED_INCLUDE_IN_FRAMEWORK_HEADER = YES;
				CLANG_WARN_RANGE_LOOP_ANALYSIS = YES;
				CLANG_WARN_STRICT_PROTOTYPES = YES;
				CLANG_WARN_SUSPICIOUS_MOVE = YES;
				CLANG_WARN_UNGUARDED_AVAILABILITY = YES_AGGRESSIVE;
				CLANG_WARN_UNREACHABLE_CODE = YES;
				CLANG_WARN__DUPLICATE_METHOD_MATCH = YES;
				COPY_PHASE_STRIP = NO;
				DEBUG_INFORMATION_FORMAT = dwarf;
				ENABLE_STRICT_OBJC_MSGSEND = YES;
				ENABLE_TESTABILITY = YES;
				GCC_C_LANGUAGE_STANDARD = gnu11;
				GCC_DYNAMIC_NO_PIC = NO;
				GCC_NO_COMMON_BLOCKS = YES;
				GCC_OPTIMIZATION_LEVEL = 0;
				GCC_PREPROCESSOR_DEFINITIONS = (
					"DEBUG=1",
					"$(inherited)",
				);
				GCC_WARN_64_TO_32_BIT_CONVERSION = YES;
				GCC_WARN_ABOUT_RETURN_TYPE = YES_ERROR;
				GCC_WARN_UNDECLARED_SELECTOR = YES;
				GCC_WARN_UNINITIALIZED_AUTOS = YES_AGGRESSIVE;
				GCC_WARN_UNUSED_FUNCTION = YES;
				GCC_WARN_UNUSED_VARIABLE = YES;
				IPHONEOS_DEPLOYMENT_TARGET = 15.0;
				MTL_ENABLE_DEBUG_INFO = INCLUDE_SOURCE;
				MTL_FAST_MATH = YES;
				ONLY_ACTIVE_ARCH = YES;
				SDKROOT = iphoneos;
				SWIFT_ACTIVE_COMPILATION_CONDITIONS = DEBUG;
				SWIFT_OPTIMIZATION_LEVEL = "-Onone";
			};
			name = Debug;
		};
		CB4800F727032B5F0002D3F1 /* Release */ = {
			isa = XCBuildConfiguration;
			buildSettings = {
				ALWAYS_SEARCH_USER_PATHS = NO;
				CLANG_ANALYZER_NONNULL = YES;
				CLANG_ANALYZER_NUMBER_OBJECT_CONVERSION = YES_AGGRESSIVE;
				CLANG_CXX_LANGUAGE_STANDARD = "gnu++17";
				CLANG_CXX_LIBRARY = "libc++";
				CLANG_ENABLE_MODULES = YES;
				CLANG_ENABLE_OBJC_ARC = YES;
				CLANG_ENABLE_OBJC_WEAK = YES;
				CLANG_WARN_BLOCK_CAPTURE_AUTORELEASING = YES;
				CLANG_WARN_BOOL_CONVERSION = YES;
				CLANG_WARN_COMMA = YES;
				CLANG_WARN_CONSTANT_CONVERSION = YES;
				CLANG_WARN_DEPRECATED_OBJC_IMPLEMENTATIONS = YES;
				CLANG_WARN_DIRECT_OBJC_ISA_USAGE = YES_ERROR;
				CLANG_WARN_DOCUMENTATION_COMMENTS = YES;
				CLANG_WARN_EMPTY_BODY = YES;
				CLANG_WARN_ENUM_CONVERSION = YES;
				CLANG_WARN_INFINITE_RECURSION = YES;
				CLANG_WARN_INT_CONVERSION = YES;
				CLANG_WARN_NON_LITERAL_NULL_CONVERSION = YES;
				CLANG_WARN_OBJC_IMPLICIT_RETAIN_SELF = YES;
				CLANG_WARN_OBJC_LITERAL_CONVERSION = YES;
				CLANG_WARN_OBJC_ROOT_CLASS = YES_ERROR;
				CLANG_WARN_QUOTED_INCLUDE_IN_FRAMEWORK_HEADER = YES;
				CLANG_WARN_RANGE_LOOP_ANALYSIS = YES;
				CLANG_WARN_STRICT_PROTOTYPES = YES;
				CLANG_WARN_SUSPICIOUS_MOVE = YES;
				CLANG_WARN_UNGUARDED_AVAILABILITY = YES_AGGRESSIVE;
				CLANG_WARN_UNREACHABLE_CODE = YES;
				CLANG_WARN__DUPLICATE_METHOD_MATCH = YES;
				COPY_PHASE_STRIP = NO;
				DEBUG_INFORMATION_FORMAT = "dwarf-with-dsym";
				ENABLE_NS_ASSERTIONS = NO;
				ENABLE_STRICT_OBJC_MSGSEND = YES;
				GCC_C_LANGUAGE_STANDARD = gnu11;
				GCC_NO_COMMON_BLOCKS = YES;
				GCC_WARN_64_TO_32_BIT_CONVERSION = YES;
				GCC_WARN_ABOUT_RETURN_TYPE = YES_ERROR;
				GCC_WARN_UNDECLARED_SELECTOR = YES;
				GCC_WARN_UNINITIALIZED_AUTOS = YES_AGGRESSIVE;
				GCC_WARN_UNUSED_FUNCTION = YES;
				GCC_WARN_UNUSED_VARIABLE = YES;
				IPHONEOS_DEPLOYMENT_TARGET = 15.0;
				MTL_ENABLE_DEBUG_INFO = NO;
				MTL_FAST_MATH = YES;
				SDKROOT = iphoneos;
				SWIFT_COMPILATION_MODE = wholemodule;
				SWIFT_OPTIMIZATION_LEVEL = "-O";
				VALIDATE_PRODUCT = YES;
			};
			name = Release;
		};
		CB4800F927032B5F0002D3F1 /* Debug */ = {
			isa = XCBuildConfiguration;
			buildSettings = {
				ASSETCATALOG_COMPILER_APPICON_NAME = AppIcon;
				ASSETCATALOG_COMPILER_GLOBAL_ACCENT_COLOR_NAME = AccentColor;
				CODE_SIGN_STYLE = Automatic;
				CURRENT_PROJECT_VERSION = 1;
				DEVELOPMENT_ASSET_PATHS = "\"Compositional-Layout-Examples/Preview Content\"";
				DEVELOPMENT_TEAM = 36N4X279LQ;
				ENABLE_PREVIEWS = YES;
				GENERATE_INFOPLIST_FILE = YES;
				INFOPLIST_KEY_UIApplicationSceneManifest_Generation = YES;
				INFOPLIST_KEY_UIApplicationSupportsIndirectInputEvents = YES;
				INFOPLIST_KEY_UILaunchScreen_Generation = YES;
				INFOPLIST_KEY_UISupportedInterfaceOrientations_iPad = "UIInterfaceOrientationPortrait UIInterfaceOrientationPortraitUpsideDown UIInterfaceOrientationLandscapeLeft UIInterfaceOrientationLandscapeRight";
				INFOPLIST_KEY_UISupportedInterfaceOrientations_iPhone = "UIInterfaceOrientationPortrait UIInterfaceOrientationLandscapeLeft UIInterfaceOrientationLandscapeRight";
				IPHONEOS_DEPLOYMENT_TARGET = 14.0;
				LD_RUNPATH_SEARCH_PATHS = (
					"$(inherited)",
					"@executable_path/Frameworks",
				);
				MARKETING_VERSION = 1.0;
				PRODUCT_BUNDLE_IDENTIFIER = "com.ssm.Compositional-Layout-Examples";
				PRODUCT_NAME = "$(TARGET_NAME)";
				SWIFT_EMIT_LOC_STRINGS = YES;
				SWIFT_VERSION = 5.0;
				TARGETED_DEVICE_FAMILY = "1,2";
			};
			name = Debug;
		};
		CB4800FA27032B5F0002D3F1 /* Release */ = {
			isa = XCBuildConfiguration;
			buildSettings = {
				ASSETCATALOG_COMPILER_APPICON_NAME = AppIcon;
				ASSETCATALOG_COMPILER_GLOBAL_ACCENT_COLOR_NAME = AccentColor;
				CODE_SIGN_STYLE = Automatic;
				CURRENT_PROJECT_VERSION = 1;
				DEVELOPMENT_ASSET_PATHS = "\"Compositional-Layout-Examples/Preview Content\"";
				DEVELOPMENT_TEAM = 36N4X279LQ;
				ENABLE_PREVIEWS = YES;
				GENERATE_INFOPLIST_FILE = YES;
				INFOPLIST_KEY_UIApplicationSceneManifest_Generation = YES;
				INFOPLIST_KEY_UIApplicationSupportsIndirectInputEvents = YES;
				INFOPLIST_KEY_UILaunchScreen_Generation = YES;
				INFOPLIST_KEY_UISupportedInterfaceOrientations_iPad = "UIInterfaceOrientationPortrait UIInterfaceOrientationPortraitUpsideDown UIInterfaceOrientationLandscapeLeft UIInterfaceOrientationLandscapeRight";
				INFOPLIST_KEY_UISupportedInterfaceOrientations_iPhone = "UIInterfaceOrientationPortrait UIInterfaceOrientationLandscapeLeft UIInterfaceOrientationLandscapeRight";
				IPHONEOS_DEPLOYMENT_TARGET = 14.0;
				LD_RUNPATH_SEARCH_PATHS = (
					"$(inherited)",
					"@executable_path/Frameworks",
				);
				MARKETING_VERSION = 1.0;
				PRODUCT_BUNDLE_IDENTIFIER = "com.ssm.Compositional-Layout-Examples";
				PRODUCT_NAME = "$(TARGET_NAME)";
				SWIFT_EMIT_LOC_STRINGS = YES;
				SWIFT_VERSION = 5.0;
				TARGETED_DEVICE_FAMILY = "1,2";
			};
			name = Release;
		};
/* End XCBuildConfiguration section */

/* Begin XCConfigurationList section */
		CB4800E527032B5E0002D3F1 /* Build configuration list for PBXProject "Compositional-Layout-Examples" */ = {
			isa = XCConfigurationList;
			buildConfigurations = (
				CB4800F627032B5F0002D3F1 /* Debug */,
				CB4800F727032B5F0002D3F1 /* Release */,
			);
			defaultConfigurationIsVisible = 0;
			defaultConfigurationName = Release;
		};
		CB4800F827032B5F0002D3F1 /* Build configuration list for PBXNativeTarget "Compositional-Layout-Examples" */ = {
			isa = XCConfigurationList;
			buildConfigurations = (
				CB4800F927032B5F0002D3F1 /* Debug */,
				CB4800FA27032B5F0002D3F1 /* Release */,
			);
			defaultConfigurationIsVisible = 0;
			defaultConfigurationName = Release;
		};
/* End XCConfigurationList section */
	};
	rootObject = CB4800E227032B5E0002D3F1 /* Project object */;
}
